
Microsoft Visual Studio Solution File, Format Version 12.00
# Visual Studio Version 16
VisualStudioVersion = 16.0.31313.79
MinimumVisualStudioVersion = 10.0.40219.1
Project("{9A19103F-16F7-4668-BE54-9A1E7A4F7556}") = "Entity", "Entity\Entity.csproj", "{A92CFD69-5D3B-40BE-8982-1D2D48FF6F87}"
EndProject
Project("{9A19103F-16F7-4668-BE54-9A1E7A4F7556}") = "DataAccess", "DataAccess\DataAccess.csproj", "{855508A6-903D-4026-9B68-C6C04EEF1F3A}"
EndProject
Project("{9A19103F-16F7-4668-BE54-9A1E7A4F7556}") = "Business", "Business\Business.csproj", "{A38CA290-0566-4A3C-A320-A477ACA672B2}"
EndProject
Project("{9A19103F-16F7-4668-BE54-9A1E7A4F7556}") = "ConsoleUI", "ConsoleUI\ConsoleUI.csproj", "{015B96D8-6B7A-4965-915F-584031E7874C}"
EndProject
Project("{9A19103F-16F7-4668-BE54-9A1E7A4F7556}") = "Core", "Core\Core.csproj", "{B0DF1086-0615-4A58-8659-1A59C00FBEF5}"
EndProject
Project("{9A19103F-16F7-4668-BE54-9A1E7A4F7556}") = "WebAPI", "WebAPI\WebAPI.csproj", "{FEEA9607-4F94-4884-90E7-F847BA837272}"
EndProject
Global
	GlobalSection(SolutionConfigurationPlatforms) = preSolution
		Debug|Any CPU = Debug|Any CPU
		Release|Any CPU = Release|Any CPU
	EndGlobalSection
	GlobalSection(ProjectConfigurationPlatforms) = postSolution
		{A92CFD69-5D3B-40BE-8982-1D2D48FF6F87}.Debug|Any CPU.ActiveCfg = Debug|Any CPU
		{A92CFD69-5D3B-40BE-8982-1D2D48FF6F87}.Debug|Any CPU.Build.0 = Debug|Any CPU
		{A92CFD69-5D3B-40BE-8982-1D2D48FF6F87}.Release|Any CPU.ActiveCfg = Release|Any CPU
		{A92CFD69-5D3B-40BE-8982-1D2D48FF6F87}.Release|Any CPU.Build.0 = Release|Any CPU
		{855508A6-903D-4026-9B68-C6C04EEF1F3A}.Debug|Any CPU.ActiveCfg = Debug|Any CPU
		{855508A6-903D-4026-9B68-C6C04EEF1F3A}.Debug|Any CPU.Build.0 = Debug|Any CPU
		{855508A6-903D-4026-9B68-C6C04EEF1F3A}.Release|Any CPU.ActiveCfg = Release|Any CPU
		{855508A6-903D-4026-9B68-C6C04EEF1F3A}.Release|Any CPU.Build.0 = Release|Any CPU
		{A38CA290-0566-4A3C-A320-A477ACA672B2}.Debug|Any CPU.ActiveCfg = Debug|Any CPU
		{A38CA290-0566-4A3C-A320-A477ACA672B2}.Debug|Any CPU.Build.0 = Debug|Any CPU
		{A38CA290-0566-4A3C-A320-A477ACA672B2}.Release|Any CPU.ActiveCfg = Release|Any CPU
		{A38CA290-0566-4A3C-A320-A477ACA672B2}.Release|Any CPU.Build.0 = Release|Any CPU
		{015B96D8-6B7A-4965-915F-584031E7874C}.Debug|Any CPU.ActiveCfg = Debug|Any CPU
		{015B96D8-6B7A-4965-915F-584031E7874C}.Debug|Any CPU.Build.0 = Debug|Any CPU
		{015B96D8-6B7A-4965-915F-584031E7874C}.Release|Any CPU.ActiveCfg = Release|Any CPU
		{015B96D8-6B7A-4965-915F-584031E7874C}.Release|Any CPU.Build.0 = Release|Any CPU
		{B0DF1086-0615-4A58-8659-1A59C00FBEF5}.Debug|Any CPU.ActiveCfg = Debug|Any CPU
		{B0DF1086-0615-4A58-8659-1A59C00FBEF5}.Debug|Any CPU.Build.0 = Debug|Any CPU
		{B0DF1086-0615-4A58-8659-1A59C00FBEF5}.Release|Any CPU.ActiveCfg = Release|Any CPU
		{B0DF1086-0615-4A58-8659-1A59C00FBEF5}.Release|Any CPU.Build.0 = Release|Any CPU
		{FEEA9607-4F94-4884-90E7-F847BA837272}.Debug|Any CPU.ActiveCfg = Debug|Any CPU
		{FEEA9607-4F94-4884-90E7-F847BA837272}.Debug|Any CPU.Build.0 = Debug|Any CPU
		{FEEA9607-4F94-4884-90E7-F847BA837272}.Release|Any CPU.ActiveCfg = Release|Any CPU
		{FEEA9607-4F94-4884-90E7-F847BA837272}.Release|Any CPU.Build.0 = Release|Any CPU
	EndGlobalSection
	GlobalSection(SolutionProperties) = preSolution
		HideSolutionNode = FALSE
	EndGlobalSection
	GlobalSection(ExtensibilityGlobals) = postSolution
		SolutionGuid = {723FC2B5-3130-4B74-874F-57D9B48BE280}
	EndGlobalSection
EndGlobal
